
Microsoft Visual Studio Solution File, Format Version 12.00
# Visual Studio Version 17
VisualStudioVersion = 17.14.36915.13 d17.14
MinimumVisualStudioVersion = 10.0.40219.1
Project("{888888A0-9F3D-457C-B088-3A5042F75D52}") = "PythonApplication18", "PythonApplication18\PythonApplication18.pyproj", "{C9B87574-D2D9-48A6-A11D-4841305D8778}"
EndProject
Global
	GlobalSection(SolutionConfigurationPlatforms) = preSolution
		Debug|Any CPU = Debug|Any CPU
		Release|Any CPU = Release|Any CPU
	EndGlobalSection
	GlobalSection(ProjectConfigurationPlatforms) = postSolution
		{C9B87574-D2D9-48A6-A11D-4841305D8778}.Debug|Any CPU.ActiveCfg = Debug|Any CPU
		{C9B87574-D2D9-48A6-A11D-4841305D8778}.Release|Any CPU.ActiveCfg = Release|Any CPU
	EndGlobalSection
	GlobalSection(SolutionProperties) = preSolution
		HideSolutionNode = FALSE
	EndGlobalSection
	GlobalSection(ExtensibilityGlobals) = postSolution
		SolutionGuid = {D8C5233E-E56A-41D5-8FC2-B52347035283}
	EndGlobalSection
EndGlobal
