
Microsoft Visual Studio Solution File, Format Version 12.00
# Visual Studio Version 17
VisualStudioVersion = 17.14.36915.13 d17.14
MinimumVisualStudioVersion = 10.0.40219.1
Project("{888888A0-9F3D-457C-B088-3A5042F75D52}") = "PythonApplication10", "PythonApplication10\PythonApplication10.pyproj", "{23285FDF-1185-4802-9775-CA8E80627303}"
EndProject
Global
	GlobalSection(SolutionConfigurationPlatforms) = preSolution
		Debug|Any CPU = Debug|Any CPU
		Release|Any CPU = Release|Any CPU
	EndGlobalSection
	GlobalSection(ProjectConfigurationPlatforms) = postSolution
		{23285FDF-1185-4802-9775-CA8E80627303}.Debug|Any CPU.ActiveCfg = Debug|Any CPU
		{23285FDF-1185-4802-9775-CA8E80627303}.Release|Any CPU.ActiveCfg = Release|Any CPU
	EndGlobalSection
	GlobalSection(SolutionProperties) = preSolution
		HideSolutionNode = FALSE
	EndGlobalSection
	GlobalSection(ExtensibilityGlobals) = postSolution
		SolutionGuid = {42AD1758-8400-44E4-8646-DC1F0E608194}
	EndGlobalSection
EndGlobal
